Microsoft Visual Studio Solution File, Format Version 12.00
# Visual Studio Version 17
VisualStudioVersion = 17.5.2.0
MinimumVisualStudioVersion = 10.0.40219.1
Project("{2150E333-8FDC-42A3-9474-1A3956D46DE8}") = "Backend", "Backend", "{1AE8ACA6-933B-BF2A-3671-3E2EAC007D16}"
EndProject
Project("{FAE04EC0-301F-11D3-BF4B-00C04F79EFBC}") = "WoodFurnitureAPI", "Backend\WoodFurnitureAPI\WoodFurnitureAPI.csproj", "{AE09B4FA-6A5D-6AAC-28F4-9373DF9E4976}"
EndProject
Global
	GlobalSection(SolutionConfigurationPlatforms) = preSolution
		Debug|Any CPU = Debug|Any CPU
		Release|Any CPU = Release|Any CPU
	EndGlobalSection
	GlobalSection(ProjectConfigurationPlatforms) = postSolution
		{AE09B4FA-6A5D-6AAC-28F4-9373DF9E4976}.Debug|Any CPU.ActiveCfg = Debug|Any CPU
		{AE09B4FA-6A5D-6AAC-28F4-9373DF9E4976}.Debug|Any CPU.Build.0 = Debug|Any CPU
		{AE09B4FA-6A5D-6AAC-28F4-9373DF9E4976}.Release|Any CPU.ActiveCfg = Release|Any CPU
		{AE09B4FA-6A5D-6AAC-28F4-9373DF9E4976}.Release|Any CPU.Build.0 = Release|Any CPU
	EndGlobalSection
	GlobalSection(SolutionProperties) = preSolution
		HideSolutionNode = FALSE
	EndGlobalSection
	GlobalSection(NestedProjects) = preSolution
		{AE09B4FA-6A5D-6AAC-28F4-9373DF9E4976} = {1AE8ACA6-933B-BF2A-3671-3E2EAC007D16}
	EndGlobalSection
	GlobalSection(ExtensibilityGlobals) = postSolution
		SolutionGuid = {7BC0FB54-AD74-48D5-9D1C-FAE4466923ED}
	EndGlobalSection
EndGlobal
